// !$*UTF8*$!
{
	archiveVersion = 1;
	classes = {
	};
	objectVersion = 46;
	objects = {

/* Begin PBXBuildFile section */
		D048DE541CDFF409004D000A /* CalculatorBrain.swift in Sources */ = {isa = PBXBuildFile; fileRef = D048DE531CDFF409004D000A /* CalculatorBrain.swift */; };
		D058AA881CD80917003DADFF /* AppDelegate.swift in Sources */ = {isa = PBXBuildFile; fileRef = D058AA871CD80917003DADFF /* AppDelegate.swift */; };
		D058AA8A1CD80917003DADFF /* ViewController.swift in Sources */ = {isa = PBXBuildFile; fileRef = D058AA891CD80917003DADFF /* ViewController.swift */; };
		D058AA8D1CD80917003DADFF /* Main.storyboard in Resources */ = {isa = PBXBuildFile; fileRef = D058AA8B1CD80917003DADFF /* Main.storyboard */; };
		D058AA8F1CD80917003DADFF /* Assets.xcassets in Resources */ = {isa = PBXBuildFile; fileRef = D058AA8E1CD80917003DADFF /* Assets.xcassets */; };
		D058AA921CD80917003DADFF /* LaunchScreen.storyboard in Resources */ = {isa = PBXBuildFile; fileRef = D058AA901CD80917003DADFF /* LaunchScreen.storyboard */; };
/* End PBXBuildFile section */

/* Begin PBXFileReference section */
		D048DE531CDFF409004D000A /* CalculatorBrain.swift */ = {isa = PBXFileReference; fileEncoding = 4; lastKnownFileType = sourcecode.swift; path = CalculatorBrain.swift; sourceTree = "<group>"; };
		D058AA841CD80917003DADFF /* Calculator.app */ = {isa = PBXFileReference; explicitFileType = wrapper.application; includeInIndex = 0; path = Calculator.app; sourceTree = BUILT_PRODUCTS_DIR; };
		D058AA871CD80917003DADFF /* AppDelegate.swift */ = {isa = PBXFileReference; lastKnownFileType = sourcecode.swift; path = AppDelegate.swift; sourceTree = "<group>"; };
		D058AA891CD80917003DADFF /* ViewController.swift */ = {isa = PBXFileReference; lastKnownFileType = sourcecode.swift; path = ViewController.swift; sourceTree = "<group>"; };
		D058AA8C1CD80917003DADFF /* Base */ = {isa = PBXFileReference; lastKnownFileType = file.storyboard; name = Base; path = Base.lproj/Main.storyboard; sourceTree = "<group>"; };
		D058AA8E1CD80917003DADFF /* Assets.xcassets */ = {isa = PBXFileReference; lastKnownFileType = folder.assetcatalog; path = Assets.xcassets; sourceTree = "<group>"; };
		D058AA911CD80917003DADFF /* Base */ = {isa = PBXFileReference; lastKnownFileType = file.storyboard; name = Base; path = Base.lproj/LaunchScreen.storyboard; sourceTree = "<group>"; };
		D058AA931CD80917003DADFF /* Info.plist */ = {isa = PBXFileReference; lastKnownFileType = text.plist.xml; path = Info.plist; sourceTree = "<group>"; };
/* End PBXFileReference section */

/* Begin PBXFrameworksBuildPhase section */
		D058AA811CD80916003DADFF /* Frameworks */ = {
			isa = PBXFrameworksBuildPhase;
			buildActionMask = 2147483647;
			files = (
			);
			runOnlyForDeploymentPostprocessing = 0;
		};
/* End PBXFrameworksBuildPhase section */

/* Begin PBXGroup section */
		D058AA7B1CD80916003DADFF = {
			isa = PBXGroup;
			children = (
				D058AA861CD80917003DADFF /* Calculator */,
				D058AA851CD80917003DADFF /* Products */,
			);
			sourceTree = "<group>";
		};
		D058AA851CD80917003DADFF /* Products */ = {
			isa = PBXGroup;
			children = (
				D058AA841CD80917003DADFF /* Calculator.app */,
			);
			name = Products;
			sourceTree = "<group>";
		};
		D058AA861CD80917003DADFF /* Calculator */ = {
			isa = PBXGroup;
			children = (
				D058AA891CD80917003DADFF /* ViewController.swift */,
				D058AA8B1CD80917003DADFF /* Main.storyboard */,
				D048DE531CDFF409004D000A /* CalculatorBrain.swift */,
				D058AA9A1CD80ADA003DADFF /* Supporting Files */,
			);
			path = Calculator;
			sourceTree = "<group>";
		};
		D058AA9A1CD80ADA003DADFF /* Supporting Files */ = {
			isa = PBXGroup;
			children = (
				D058AA871CD80917003DADFF /* AppDelegate.swift */,
				D058AA8E1CD80917003DADFF /* Assets.xcassets */,
				D058AA901CD80917003DADFF /* LaunchScreen.storyboard */,
				D058AA931CD80917003DADFF /* Info.plist */,
			);
			name = "Supporting Files";
			sourceTree = "<group>";
		};
/* End PBXGroup section */

/* Begin PBXNativeTarget section */
		D058AA831CD80916003DADFF /* Calculator */ = {
			isa = PBXNativeTarget;
			buildConfigurationList = D058AA961CD80917003DADFF /* Build configuration list for PBXNativeTarget "Calculator" */;
			buildPhases = (
				D058AA801CD80916003DADFF /* Sources */,
				D058AA811CD80916003DADFF /* Frameworks */,
				D058AA821CD80916003DADFF /* Resources */,
			);
			buildRules = (
			);
			dependencies = (
			);
			name = Calculator;
			productName = Calculator;
			productReference = D058AA841CD80917003DADFF /* Calculator.app */;
			productType = "com.apple.product-type.application";
		};
/* End PBXNativeTarget section */

/* Begin PBXProject section */
		D058AA7C1CD80916003DADFF /* Project object */ = {
			isa = PBXProject;
			attributes = {
				LastSwiftUpdateCheck = 0730;
				LastUpgradeCheck = 0730;
				ORGANIZATIONNAME = justin;
				TargetAttributes = {
					D058AA831CD80916003DADFF = {
						CreatedOnToolsVersion = 7.3;
						DevelopmentTeam = 6B2H5F362E;
					};
				};
			};
			buildConfigurationList = D058AA7F1CD80916003DADFF /* Build configuration list for PBXProject "Calculator" */;
			compatibilityVersion = "Xcode 3.2";
			developmentRegion = English;
			hasScannedForEncodings = 0;
			knownRegions = (
				en,
				Base,
			);
			mainGroup = D058AA7B1CD80916003DADFF;
			productRefGroup = D058AA851CD80917003DADFF /* Products */;
			projectDirPath = "";
			projectRoot = "";
			targets = (
				D058AA831CD80916003DADFF /* Calculator */,
			);
		};
/* End PBXProject section */

/* Begin PBXResourcesBuildPhase section */
		D058AA821CD80916003DADFF /* Resources */ = {
			isa = PBXResourcesBuildPhase;
			buildActionMask = 2147483647;
			files = (
				D058AA921CD80917003DADFF /* LaunchScreen.storyboard in Resources */,
				D058AA8F1CD80917003DADFF /* Assets.xcassets in Resources */,
				D058AA8D1CD80917003DADFF /* Main.storyboard in Resources */,
			);
			runOnlyForDeploymentPostprocessing = 0;
		};
/* End PBXResourcesBuildPhase section */

/* Begin PBXSourcesBuildPhase section */
		D058AA801CD80916003DADFF /* Sources */ = {
			isa = PBXSourcesBuildPhase;
			buildActionMask = 2147483647;
			files = (
				D048DE541CDFF409004D000A /* CalculatorBrain.swift in Sources */,
				D058AA8A1CD80917003DADFF /* ViewController.swift in Sources */,
				D058AA881CD80917003DADFF /* AppDelegate.swift in Sources */,
			);
			runOnlyForDeploymentPostprocessing = 0;
		};
/* End PBXSourcesBuildPhase section */

/* Begin PBXVariantGroup section */
		D058AA8B1CD80917003DADFF /* Main.storyboard */ = {
			isa = PBXVariantGroup;
			children = (
				D058AA8C1CD80917003DADFF /* Base */,
			);
			name = Main.storyboard;
			sourceTree = "<group>";
		};
		D058AA901CD80917003DADFF /* LaunchScreen.storyboard */ = {
			isa = PBXVariantGroup;
			children = (
				D058AA911CD80917003DADFF /* Base */,
			);
			name = LaunchScreen.storyboard;
			sourceTree = "<group>";
		};
/* End PBXVariantGroup section */

/* Begin XCBuildConfiguration section */
		D058AA941CD80917003DADFF /* Debug */ = {
			isa = XCBuildConfiguration;
			buildSettings = {
				ALWAYS_SEARCH_USER_PATHS = NO;
				CLANG_ANALYZER_NONNULL = YES;
				CLANG_CXX_LANGUAGE_STANDARD = "gnu++0x";
				CLANG_CXX_LIBRARY = "libc++";
				CLANG_ENABLE_MODULES = YES;
				CLANG_ENABLE_OBJC_ARC = YES;
				CLANG_WARN_BOOL_CONVERSION = YES;
				CLANG_WARN_CONSTANT_CONVERSION = YES;
				CLANG_WARN_DIRECT_OBJC_ISA_USAGE = YES_ERROR;
				CLANG_WARN_EMPTY_BODY = YES;
				CLANG_WARN_ENUM_CONVERSION = YES;
				CLANG_WARN_INT_CONVERSION = YES;
				CLANG_WARN_OBJC_ROOT_CLASS = YES_ERROR;
				CLANG_WARN_UNREACHABLE_CODE = YES;
				CLANG_WARN__DUPLICATE_METHOD_MATCH = YES;
				"CODE_SIGN_IDENTITY[sdk=iphoneos*]" = "iPhone Developer";
				COPY_PHASE_STRIP = NO;
				DEBUG_INFORMATION_FORMAT = dwarf;
				ENABLE_STRICT_OBJC_MSGSEND = YES;
				ENABLE_TESTABILITY = YES;
				GCC_C_LANGUAGE_STANDARD = gnu99;
				GCC_DYNAMIC_NO_PIC = NO;
				GCC_NO_COMMON_BLOCKS = YES;
				GCC_OPTIMIZATION_LEVEL = 0;
				GCC_PREPROCESSOR_DEFINITIONS = (
					"DEBUG=1",
					"$(inherited)",
				);
				GCC_WARN_64_TO_32_BIT_CONVERSION = YES;
				GCC_WARN_ABOUT_RETURN_TYPE = YES_ERROR;
				GCC_WARN_UNDECLARED_SELECTOR = YES;
				GCC_WARN_UNINITIALIZED_AUTOS = YES_AGGRESSIVE;
				GCC_WARN_UNUSED_FUNCTION = YES;
				GCC_WARN_UNUSED_VARIABLE = YES;
				IPHONEOS_DEPLOYMENT_TARGET = 9.3;
				MTL_ENABLE_DEBUG_INFO = YES;
				ONLY_ACTIVE_ARCH = YES;
				SDKROOT = iphoneos;
				SWIFT_OPTIMIZATION_LEVEL = "-Onone";
				TARGETED_DEVICE_FAMILY = "1,2";
			};
			name = Debug;
		};
		D058AA951CD80917003DADFF /* Release */ = {
			isa = XCBuildConfiguration;
			buildSettings = {
				ALWAYS_SEARCH_USER_PATHS = NO;
				CLANG_ANALYZER_NONNULL = YES;
				CLANG_CXX_LANGUAGE_STANDARD = "gnu++0x";
				CLANG_CXX_LIBRARY = "libc++";
				CLANG_ENABLE_MODULES = YES;
				CLANG_ENABLE_OBJC_ARC = YES;
				CLANG_WARN_BOOL_CONVERSION = YES;
				CLANG_WARN_CONSTANT_CONVERSION = YES;
				CLANG_WARN_DIRECT_OBJC_ISA_USAGE = YES_ERROR;
				CLANG_WARN_EMPTY_BODY = YES;
				CLANG_WARN_ENUM_CONVERSION = YES;
				CLANG_WARN_INT_CONVERSION = YES;
				CLANG_WARN_OBJC_ROOT_CLASS = YES_ERROR;
				CLANG_WARN_UNREACHABLE_CODE = YES;
				CLANG_WARN__DUPLICATE_METHOD_MATCH = YES;
				"CODE_SIGN_IDENTITY[sdk=iphoneos*]" = "iPhone Developer";
				COPY_PHASE_STRIP = NO;
				DEBUG_INFORMATION_FORMAT = "dwarf-with-dsym";
				ENABLE_NS_ASSERTIONS = NO;
				ENABLE_STRICT_OBJC_MSGSEND = YES;
				GCC_C_LANGUAGE_STANDARD = gnu99;
				GCC_NO_COMMON_BLOCKS = YES;
				GCC_WARN_64_TO_32_BIT_CONVERSION = YES;
				GCC_WARN_ABOUT_RETURN_TYPE = YES_ERROR;
				GCC_WARN_UNDECLARED_SELECTOR = YES;
				GCC_WARN_UNINITIALIZED_AUTOS = YES_AGGRESSIVE;
				GCC_WARN_UNUSED_FUNCTION = YES;
				GCC_WARN_UNUSED_VARIABLE = YES;
				IPHONEOS_DEPLOYMENT_TARGET = 9.3;
				MTL_ENABLE_DEBUG_INFO = NO;
				SDKROOT = iphoneos;
				TARGETED_DEVICE_FAMILY = "1,2";
				VALIDATE_PRODUCT = YES;
			};
			name = Release;
		};
		D058AA971CD80917003DADFF /* Debug */ = {
			isa = XCBuildConfiguration;
			buildSettings = {
				ASSETCATALOG_COMPILER_APPICON_NAME = AppIcon;
				CODE_SIGN_IDENTITY = "iPhone Developer";
				"CODE_SIGN_IDENTITY[sdk=iphoneos*]" = "iPhone Developer";
				INFOPLIST_FILE = Calculator/Info.plist;
				LD_RUNPATH_SEARCH_PATHS = "$(inherited) @executable_path/Frameworks";
				PRODUCT_BUNDLE_IDENTIFIER = com.justinli.Calculator;
				PRODUCT_NAME = "$(TARGET_NAME)";
				PROVISIONING_PROFILE = "";
			};
			name = Debug;
		};
		D058AA981CD80917003DADFF /* Release */ = {
			isa = XCBuildConfiguration;
			buildSettings = {
				ASSETCATALOG_COMPILER_APPICON_NAME = AppIcon;
				CODE_SIGN_IDENTITY = "iPhone Developer";
				"CODE_SIGN_IDENTITY[sdk=iphoneos*]" = "iPhone Developer";
				INFOPLIST_FILE = Calculator/Info.plist;
				LD_RUNPATH_SEARCH_PATHS = "$(inherited) @executable_path/Frameworks";
				PRODUCT_BUNDLE_IDENTIFIER = com.justinli.Calculator;
				PRODUCT_NAME = "$(TARGET_NAME)";
				PROVISIONING_PROFILE = "";
			};
			name = Release;
		};
/* End XCBuildConfiguration section */

/* Begin XCConfigurationList section */
		D058AA7F1CD80916003DADFF /* Build configuration list for PBXProject "Calculator" */ = {
			isa = XCConfigurationList;
			buildConfigurations = (
				D058AA941CD80917003DADFF /* Debug */,
				D058AA951CD80917003DADFF /* Release */,
			);
			defaultConfigurationIsVisible = 0;
			defaultConfigurationName = Release;
		};
		D058AA961CD80917003DADFF /* Build configuration list for PBXNativeTarget "Calculator" */ = {
			isa = XCConfigurationList;
			buildConfigurations = (
				D058AA971CD80917003DADFF /* Debug */,
				D058AA981CD80917003DADFF /* Release */,
			);
			defaultConfigurationIsVisible = 0;
			defaultConfigurationName = Release;
		};
/* End XCConfigurationList section */
	};
	rootObject = D058AA7C1CD80916003DADFF /* Project object */;
}
